
Microsoft Visual Studio Solution File, Format Version 12.00
# Visual Studio Version 17
VisualStudioVersion = 17.9.34622.214
MinimumVisualStudioVersion = 10.0.40219.1
Project("{FAE04EC0-301F-11D3-BF4B-00C04F79EFBC}") = "Producer", "Producer\Producer.csproj", "{15AB0188-20EB-4FCA-AF12-59ADB37D1CBF}"
EndProject
Project("{FAE04EC0-301F-11D3-BF4B-00C04F79EFBC}") = "Consumer", "Consumer\Consumer.csproj", "{0ABDF530-3C06-46C5-B9FF-360025CA0DE6}"
EndProject
Project("{FAE04EC0-301F-11D3-BF4B-00C04F79EFBC}") = "PublishAndSubscribe", "Task\PublishAndSubscribe.csproj", "{8A20CDD8-7470-47FF-86AA-230315A7B009}"
EndProject
Global
	GlobalSection(SolutionConfigurationPlatforms) = preSolution
		Debug|Any CPU = Debug|Any CPU
		Release|Any CPU = Release|Any CPU
	EndGlobalSection
	GlobalSection(ProjectConfigurationPlatforms) = postSolution
		{15AB0188-20EB-4FCA-AF12-59ADB37D1CBF}.Debug|Any CPU.ActiveCfg = Debug|Any CPU
		{15AB0188-20EB-4FCA-AF12-59ADB37D1CBF}.Debug|Any CPU.Build.0 = Debug|Any CPU
		{15AB0188-20EB-4FCA-AF12-59ADB37D1CBF}.Release|Any CPU.ActiveCfg = Release|Any CPU
		{15AB0188-20EB-4FCA-AF12-59ADB37D1CBF}.Release|Any CPU.Build.0 = Release|Any CPU
		{0ABDF530-3C06-46C5-B9FF-360025CA0DE6}.Debug|Any CPU.ActiveCfg = Debug|Any CPU
		{0ABDF530-3C06-46C5-B9FF-360025CA0DE6}.Debug|Any CPU.Build.0 = Debug|Any CPU
		{0ABDF530-3C06-46C5-B9FF-360025CA0DE6}.Release|Any CPU.ActiveCfg = Release|Any CPU
		{0ABDF530-3C06-46C5-B9FF-360025CA0DE6}.Release|Any CPU.Build.0 = Release|Any CPU
		{8A20CDD8-7470-47FF-86AA-230315A7B009}.Debug|Any CPU.ActiveCfg = Debug|Any CPU
		{8A20CDD8-7470-47FF-86AA-230315A7B009}.Debug|Any CPU.Build.0 = Debug|Any CPU
		{8A20CDD8-7470-47FF-86AA-230315A7B009}.Release|Any CPU.ActiveCfg = Release|Any CPU
		{8A20CDD8-7470-47FF-86AA-230315A7B009}.Release|Any CPU.Build.0 = Release|Any CPU
	EndGlobalSection
	GlobalSection(SolutionProperties) = preSolution
		HideSolutionNode = FALSE
	EndGlobalSection
	GlobalSection(ExtensibilityGlobals) = postSolution
		SolutionGuid = {427C3300-35F1-403B-8F24-193DE94BB7F0}
	EndGlobalSection
EndGlobal
